
Microsoft Visual Studio Solution File, Format Version 12.00
# Visual Studio Version 17
VisualStudioVersion = 17.5.002.0
MinimumVisualStudioVersion = 10.0.40219.1
Project("{9A19103F-16F7-4668-BE54-9A1E7A4F7556}") = "gimnasioNet", "gimnasioNet.csproj", "{20A7F8FA-3DBC-4D3B-8B1B-71D60ACE7B07}"
EndProject
Global
	GlobalSection(SolutionConfigurationPlatforms) = preSolution
		Debug|Any CPU = Debug|Any CPU
		Release|Any CPU = Release|Any CPU
	EndGlobalSection
	GlobalSection(ProjectConfigurationPlatforms) = postSolution
		{20A7F8FA-3DBC-4D3B-8B1B-71D60ACE7B07}.Debug|Any CPU.ActiveCfg = Debug|Any CPU
		{20A7F8FA-3DBC-4D3B-8B1B-71D60ACE7B07}.Debug|Any CPU.Build.0 = Debug|Any CPU
		{20A7F8FA-3DBC-4D3B-8B1B-71D60ACE7B07}.Release|Any CPU.ActiveCfg = Release|Any CPU
		{20A7F8FA-3DBC-4D3B-8B1B-71D60ACE7B07}.Release|Any CPU.Build.0 = Release|Any CPU
	EndGlobalSection
	GlobalSection(SolutionProperties) = preSolution
		HideSolutionNode = FALSE
	EndGlobalSection
	GlobalSection(ExtensibilityGlobals) = postSolution
		SolutionGuid = {42C2E436-2720-431F-AF16-9B69ACC8F5B5}
	EndGlobalSection
EndGlobal
