
Microsoft Visual Studio Solution File, Format Version 12.00
# Visual Studio Version 17
VisualStudioVersion = 17.5.002.0
MinimumVisualStudioVersion = 10.0.40219.1
Project("{9A19103F-16F7-4668-BE54-9A1E7A4F7556}") = "gimnasioNet", "gimnasioNet.csproj", "{D5F68362-32D7-4E7E-A98A-A2B26B1473F3}"
EndProject
Global
	GlobalSection(SolutionConfigurationPlatforms) = preSolution
		Debug|Any CPU = Debug|Any CPU
		Release|Any CPU = Release|Any CPU
	EndGlobalSection
	GlobalSection(ProjectConfigurationPlatforms) = postSolution
		{D5F68362-32D7-4E7E-A98A-A2B26B1473F3}.Debug|Any CPU.ActiveCfg = Debug|Any CPU
		{D5F68362-32D7-4E7E-A98A-A2B26B1473F3}.Debug|Any CPU.Build.0 = Debug|Any CPU
		{D5F68362-32D7-4E7E-A98A-A2B26B1473F3}.Release|Any CPU.ActiveCfg = Release|Any CPU
		{D5F68362-32D7-4E7E-A98A-A2B26B1473F3}.Release|Any CPU.Build.0 = Release|Any CPU
	EndGlobalSection
	GlobalSection(SolutionProperties) = preSolution
		HideSolutionNode = FALSE
	EndGlobalSection
	GlobalSection(ExtensibilityGlobals) = postSolution
		SolutionGuid = {42C2E436-2720-431F-AF16-9B69ACC8F5B5}
	EndGlobalSection
EndGlobal
